// !$*UTF8*$!
{
	archiveVersion = 1;
	classes = {
	};
	objectVersion = 56;
	objects = {

/* Begin PBXBuildFile section */
		FBD508EC28573C770059678A /* LowShortcutApp.swift in Sources */ = {isa = PBXBuildFile; fileRef = FBD508EB28573C770059678A /* LowShortcutApp.swift */; };
		FBD508F028573C780059678A /* Assets.xcassets in Resources */ = {isa = PBXBuildFile; fileRef = FBD508EF28573C780059678A /* Assets.xcassets */; };
		FBD508F328573C780059678A /* Preview Assets.xcassets in Resources */ = {isa = PBXBuildFile; fileRef = FBD508F228573C780059678A /* Preview Assets.xcassets */; };
		FBD508FC28573CCD0059678A /* ShortcutRecorder in Frameworks */ = {isa = PBXBuildFile; productRef = FBD508FB28573CCD0059678A /* ShortcutRecorder */; };
		FBD50908285751A00059678A /* yabai-structs.swift in Sources */ = {isa = PBXBuildFile; fileRef = FBD50907285751A00059678A /* yabai-structs.swift */; };
		FBD5090A285751B10059678A /* yabai.swift in Sources */ = {isa = PBXBuildFile; fileRef = FBD50909285751B10059678A /* yabai.swift */; };
		FBD5090F285752130059678A /* handler.swift in Sources */ = {isa = PBXBuildFile; fileRef = FBD5090E285752130059678A /* handler.swift */; };
		FBD50912285757980059678A /* SwiftSlash in Frameworks */ = {isa = PBXBuildFile; productRef = FBD50911285757980059678A /* SwiftSlash */; };
/* End PBXBuildFile section */

/* Begin PBXFileReference section */
		FBD508E828573C770059678A /* LowShortcut.app */ = {isa = PBXFileReference; explicitFileType = wrapper.application; includeInIndex = 0; path = LowShortcut.app; sourceTree = BUILT_PRODUCTS_DIR; };
		FBD508EB28573C770059678A /* LowShortcutApp.swift */ = {isa = PBXFileReference; lastKnownFileType = sourcecode.swift; path = LowShortcutApp.swift; sourceTree = "<group>"; };
		FBD508EF28573C780059678A /* Assets.xcassets */ = {isa = PBXFileReference; lastKnownFileType = folder.assetcatalog; path = Assets.xcassets; sourceTree = "<group>"; };
		FBD508F228573C780059678A /* Preview Assets.xcassets */ = {isa = PBXFileReference; lastKnownFileType = folder.assetcatalog; path = "Preview Assets.xcassets"; sourceTree = "<group>"; };
		FBD508F428573C780059678A /* LowShortcut.entitlements */ = {isa = PBXFileReference; lastKnownFileType = text.plist.entitlements; path = LowShortcut.entitlements; sourceTree = "<group>"; };
		FBD50905285750F70059678A /* Info.plist */ = {isa = PBXFileReference; lastKnownFileType = text.plist; path = Info.plist; sourceTree = "<group>"; };
		FBD50907285751A00059678A /* yabai-structs.swift */ = {isa = PBXFileReference; lastKnownFileType = sourcecode.swift; path = "yabai-structs.swift"; sourceTree = "<group>"; };
		FBD50909285751B10059678A /* yabai.swift */ = {isa = PBXFileReference; lastKnownFileType = sourcecode.swift; path = yabai.swift; sourceTree = "<group>"; };
		FBD5090E285752130059678A /* handler.swift */ = {isa = PBXFileReference; lastKnownFileType = sourcecode.swift; path = handler.swift; sourceTree = "<group>"; };
/* End PBXFileReference section */

/* Begin PBXFrameworksBuildPhase section */
		FBD508E528573C770059678A /* Frameworks */ = {
			isa = PBXFrameworksBuildPhase;
			buildActionMask = 2147483647;
			files = (
				FBD508FC28573CCD0059678A /* ShortcutRecorder in Frameworks */,
				FBD50912285757980059678A /* SwiftSlash in Frameworks */,
			);
			runOnlyForDeploymentPostprocessing = 0;
		};
/* End PBXFrameworksBuildPhase section */

/* Begin PBXGroup section */
		FBD508DF28573C770059678A = {
			isa = PBXGroup;
			children = (
				FBD508EA28573C770059678A /* LowShortcut */,
				FBD508E928573C770059678A /* Products */,
			);
			sourceTree = "<group>";
		};
		FBD508E928573C770059678A /* Products */ = {
			isa = PBXGroup;
			children = (
				FBD508E828573C770059678A /* LowShortcut.app */,
			);
			name = Products;
			sourceTree = "<group>";
		};
		FBD508EA28573C770059678A /* LowShortcut */ = {
			isa = PBXGroup;
			children = (
				FBD50906285751930059678A /* Yabai */,
				FBD50905285750F70059678A /* Info.plist */,
				FBD508EB28573C770059678A /* LowShortcutApp.swift */,
				FBD508EF28573C780059678A /* Assets.xcassets */,
				FBD508F428573C780059678A /* LowShortcut.entitlements */,
				FBD508F128573C780059678A /* Preview Content */,
			);
			path = LowShortcut;
			sourceTree = "<group>";
		};
		FBD508F128573C780059678A /* Preview Content */ = {
			isa = PBXGroup;
			children = (
				FBD508F228573C780059678A /* Preview Assets.xcassets */,
			);
			path = "Preview Content";
			sourceTree = "<group>";
		};
		FBD50906285751930059678A /* Yabai */ = {
			isa = PBXGroup;
			children = (
				FBD50907285751A00059678A /* yabai-structs.swift */,
				FBD50909285751B10059678A /* yabai.swift */,
				FBD5090E285752130059678A /* handler.swift */,
			);
			path = Yabai;
			sourceTree = "<group>";
		};
/* End PBXGroup section */

/* Begin PBXNativeTarget section */
		FBD508E728573C770059678A /* LowShortcut */ = {
			isa = PBXNativeTarget;
			buildConfigurationList = FBD508F728573C780059678A /* Build configuration list for PBXNativeTarget "LowShortcut" */;
			buildPhases = (
				FBD508E428573C770059678A /* Sources */,
				FBD508E528573C770059678A /* Frameworks */,
				FBD508E628573C770059678A /* Resources */,
			);
			buildRules = (
			);
			dependencies = (
			);
			name = LowShortcut;
			packageProductDependencies = (
				FBD508FB28573CCD0059678A /* ShortcutRecorder */,
				FBD50911285757980059678A /* SwiftSlash */,
			);
			productName = LowShortcut;
			productReference = FBD508E828573C770059678A /* LowShortcut.app */;
			productType = "com.apple.product-type.application";
		};
/* End PBXNativeTarget section */

/* Begin PBXProject section */
		FBD508E028573C770059678A /* Project object */ = {
			isa = PBXProject;
			attributes = {
				BuildIndependentTargetsInParallel = 1;
				LastSwiftUpdateCheck = 1400;
				LastUpgradeCheck = 1400;
				TargetAttributes = {
					FBD508E728573C770059678A = {
						CreatedOnToolsVersion = 14.0;
					};
				};
			};
			buildConfigurationList = FBD508E328573C770059678A /* Build configuration list for PBXProject "LowShortcut" */;
			compatibilityVersion = "Xcode 14.0";
			developmentRegion = en;
			hasScannedForEncodings = 0;
			knownRegions = (
				en,
				Base,
			);
			mainGroup = FBD508DF28573C770059678A;
			packageReferences = (
				FBD508FA28573CCD0059678A /* XCRemoteSwiftPackageReference "ShortcutRecorder" */,
				FBD50910285757980059678A /* XCRemoteSwiftPackageReference "SwiftSlash" */,
			);
			productRefGroup = FBD508E928573C770059678A /* Products */;
			projectDirPath = "";
			projectRoot = "";
			targets = (
				FBD508E728573C770059678A /* LowShortcut */,
			);
		};
/* End PBXProject section */

/* Begin PBXResourcesBuildPhase section */
		FBD508E628573C770059678A /* Resources */ = {
			isa = PBXResourcesBuildPhase;
			buildActionMask = 2147483647;
			files = (
				FBD508F328573C780059678A /* Preview Assets.xcassets in Resources */,
				FBD508F028573C780059678A /* Assets.xcassets in Resources */,
			);
			runOnlyForDeploymentPostprocessing = 0;
		};
/* End PBXResourcesBuildPhase section */

/* Begin PBXSourcesBuildPhase section */
		FBD508E428573C770059678A /* Sources */ = {
			isa = PBXSourcesBuildPhase;
			buildActionMask = 2147483647;
			files = (
				FBD5090A285751B10059678A /* yabai.swift in Sources */,
				FBD50908285751A00059678A /* yabai-structs.swift in Sources */,
				FBD508EC28573C770059678A /* LowShortcutApp.swift in Sources */,
				FBD5090F285752130059678A /* handler.swift in Sources */,
			);
			runOnlyForDeploymentPostprocessing = 0;
		};
/* End PBXSourcesBuildPhase section */

/* Begin XCBuildConfiguration section */
		FBD508F528573C780059678A /* Debug */ = {
			isa = XCBuildConfiguration;
			buildSettings = {
				ALWAYS_SEARCH_USER_PATHS = NO;
				CLANG_ANALYZER_NONNULL = YES;
				CLANG_ANALYZER_NUMBER_OBJECT_CONVERSION = YES_AGGRESSIVE;
				CLANG_CXX_LANGUAGE_STANDARD = "gnu++17";
				CLANG_ENABLE_MODULES = YES;
				CLANG_ENABLE_OBJC_ARC = YES;
				CLANG_ENABLE_OBJC_WEAK = YES;
				CLANG_WARN_BLOCK_CAPTURE_AUTORELEASING = YES;
				CLANG_WARN_BOOL_CONVERSION = YES;
				CLANG_WARN_COMMA = YES;
				CLANG_WARN_CONSTANT_CONVERSION = YES;
				CLANG_WARN_DEPRECATED_OBJC_IMPLEMENTATIONS = YES;
				CLANG_WARN_DIRECT_OBJC_ISA_USAGE = YES_ERROR;
				CLANG_WARN_DOCUMENTATION_COMMENTS = YES;
				CLANG_WARN_EMPTY_BODY = YES;
				CLANG_WARN_ENUM_CONVERSION = YES;
				CLANG_WARN_INFINITE_RECURSION = YES;
				CLANG_WARN_INT_CONVERSION = YES;
				CLANG_WARN_NON_LITERAL_NULL_CONVERSION = YES;
				CLANG_WARN_OBJC_IMPLICIT_RETAIN_SELF = YES;
				CLANG_WARN_OBJC_LITERAL_CONVERSION = YES;
				CLANG_WARN_OBJC_ROOT_CLASS = YES_ERROR;
				CLANG_WARN_QUOTED_INCLUDE_IN_FRAMEWORK_HEADER = YES;
				CLANG_WARN_RANGE_LOOP_ANALYSIS = YES;
				CLANG_WARN_STRICT_PROTOTYPES = YES;
				CLANG_WARN_SUSPICIOUS_MOVE = YES;
				CLANG_WARN_UNGUARDED_AVAILABILITY = YES_AGGRESSIVE;
				CLANG_WARN_UNREACHABLE_CODE = YES;
				CLANG_WARN__DUPLICATE_METHOD_MATCH = YES;
				COPY_PHASE_STRIP = NO;
				DEBUG_INFORMATION_FORMAT = dwarf;
				ENABLE_STRICT_OBJC_MSGSEND = YES;
				ENABLE_TESTABILITY = YES;
				GCC_C_LANGUAGE_STANDARD = gnu11;
				GCC_DYNAMIC_NO_PIC = NO;
				GCC_NO_COMMON_BLOCKS = YES;
				GCC_OPTIMIZATION_LEVEL = 0;
				GCC_PREPROCESSOR_DEFINITIONS = (
					"DEBUG=1",
					"$(inherited)",
				);
				GCC_WARN_64_TO_32_BIT_CONVERSION = YES;
				GCC_WARN_ABOUT_RETURN_TYPE = YES_ERROR;
				GCC_WARN_UNDECLARED_SELECTOR = YES;
				GCC_WARN_UNINITIALIZED_AUTOS = YES_AGGRESSIVE;
				GCC_WARN_UNUSED_FUNCTION = YES;
				GCC_WARN_UNUSED_VARIABLE = YES;
				MACOSX_DEPLOYMENT_TARGET = 12.4;
				MTL_ENABLE_DEBUG_INFO = INCLUDE_SOURCE;
				MTL_FAST_MATH = YES;
				ONLY_ACTIVE_ARCH = YES;
				SDKROOT = macosx;
				SWIFT_ACTIVE_COMPILATION_CONDITIONS = DEBUG;
				SWIFT_OPTIMIZATION_LEVEL = "-Onone";
			};
			name = Debug;
		};
		FBD508F628573C780059678A /* Release */ = {
			isa = XCBuildConfiguration;
			buildSettings = {
				ALWAYS_SEARCH_USER_PATHS = NO;
				CLANG_ANALYZER_NONNULL = YES;
				CLANG_ANALYZER_NUMBER_OBJECT_CONVERSION = YES_AGGRESSIVE;
				CLANG_CXX_LANGUAGE_STANDARD = "gnu++17";
				CLANG_ENABLE_MODULES = YES;
				CLANG_ENABLE_OBJC_ARC = YES;
				CLANG_ENABLE_OBJC_WEAK = YES;
				CLANG_WARN_BLOCK_CAPTURE_AUTORELEASING = YES;
				CLANG_WARN_BOOL_CONVERSION = YES;
				CLANG_WARN_COMMA = YES;
				CLANG_WARN_CONSTANT_CONVERSION = YES;
				CLANG_WARN_DEPRECATED_OBJC_IMPLEMENTATIONS = YES;
				CLANG_WARN_DIRECT_OBJC_ISA_USAGE = YES_ERROR;
				CLANG_WARN_DOCUMENTATION_COMMENTS = YES;
				CLANG_WARN_EMPTY_BODY = YES;
				CLANG_WARN_ENUM_CONVERSION = YES;
				CLANG_WARN_INFINITE_RECURSION = YES;
				CLANG_WARN_INT_CONVERSION = YES;
				CLANG_WARN_NON_LITERAL_NULL_CONVERSION = YES;
				CLANG_WARN_OBJC_IMPLICIT_RETAIN_SELF = YES;
				CLANG_WARN_OBJC_LITERAL_CONVERSION = YES;
				CLANG_WARN_OBJC_ROOT_CLASS = YES_ERROR;
				CLANG_WARN_QUOTED_INCLUDE_IN_FRAMEWORK_HEADER = YES;
				CLANG_WARN_RANGE_LOOP_ANALYSIS = YES;
				CLANG_WARN_STRICT_PROTOTYPES = YES;
				CLANG_WARN_SUSPICIOUS_MOVE = YES;
				CLANG_WARN_UNGUARDED_AVAILABILITY = YES_AGGRESSIVE;
				CLANG_WARN_UNREACHABLE_CODE = YES;
				CLANG_WARN__DUPLICATE_METHOD_MATCH = YES;
				COPY_PHASE_STRIP = NO;
				DEBUG_INFORMATION_FORMAT = "dwarf-with-dsym";
				ENABLE_NS_ASSERTIONS = NO;
				ENABLE_STRICT_OBJC_MSGSEND = YES;
				GCC_C_LANGUAGE_STANDARD = gnu11;
				GCC_NO_COMMON_BLOCKS = YES;
				GCC_WARN_64_TO_32_BIT_CONVERSION = YES;
				GCC_WARN_ABOUT_RETURN_TYPE = YES_ERROR;
				GCC_WARN_UNDECLARED_SELECTOR = YES;
				GCC_WARN_UNINITIALIZED_AUTOS = YES_AGGRESSIVE;
				GCC_WARN_UNUSED_FUNCTION = YES;
				GCC_WARN_UNUSED_VARIABLE = YES;
				MACOSX_DEPLOYMENT_TARGET = 12.4;
				MTL_ENABLE_DEBUG_INFO = NO;
				MTL_FAST_MATH = YES;
				SDKROOT = macosx;
				SWIFT_COMPILATION_MODE = wholemodule;
				SWIFT_OPTIMIZATION_LEVEL = "-O";
			};
			name = Release;
		};
		FBD508F828573C780059678A /* Debug */ = {
			isa = XCBuildConfiguration;
			buildSettings = {
				ASSETCATALOG_COMPILER_APPICON_NAME = AppIcon;
				ASSETCATALOG_COMPILER_GLOBAL_ACCENT_COLOR_NAME = AccentColor;
				CODE_SIGN_ENTITLEMENTS = LowShortcut/LowShortcut.entitlements;
				CODE_SIGN_STYLE = Automatic;
				COMBINE_HIDPI_IMAGES = YES;
				CURRENT_PROJECT_VERSION = 1;
				DEVELOPMENT_ASSET_PATHS = "\"LowShortcut/Preview Content\"";
				DEVELOPMENT_TEAM = P88CDRP8CR;
				ENABLE_HARDENED_RUNTIME = YES;
				ENABLE_PREVIEWS = YES;
				GENERATE_INFOPLIST_FILE = YES;
				INFOPLIST_FILE = LowShortcut/Info.plist;
				INFOPLIST_KEY_NSHumanReadableCopyright = "";
				LD_RUNPATH_SEARCH_PATHS = (
					"$(inherited)",
					"@executable_path/../Frameworks",
				);
				MARKETING_VERSION = 1.0;
				PRODUCT_BUNDLE_IDENTIFIER = io.noim.LowShortcut;
				PRODUCT_NAME = "$(TARGET_NAME)";
				SWIFT_EMIT_LOC_STRINGS = YES;
				SWIFT_VERSION = 5.0;
			};
			name = Debug;
		};
		FBD508F928573C780059678A /* Release */ = {
			isa = XCBuildConfiguration;
			buildSettings = {
				ASSETCATALOG_COMPILER_APPICON_NAME = AppIcon;
				ASSETCATALOG_COMPILER_GLOBAL_ACCENT_COLOR_NAME = AccentColor;
				CODE_SIGN_ENTITLEMENTS = LowShortcut/LowShortcut.entitlements;
				CODE_SIGN_STYLE = Automatic;
				COMBINE_HIDPI_IMAGES = YES;
				CURRENT_PROJECT_VERSION = 1;
				DEVELOPMENT_ASSET_PATHS = "\"LowShortcut/Preview Content\"";
				DEVELOPMENT_TEAM = P88CDRP8CR;
				ENABLE_HARDENED_RUNTIME = YES;
				ENABLE_PREVIEWS = YES;
				GENERATE_INFOPLIST_FILE = YES;
				INFOPLIST_FILE = LowShortcut/Info.plist;
				INFOPLIST_KEY_NSHumanReadableCopyright = "";
				LD_RUNPATH_SEARCH_PATHS = (
					"$(inherited)",
					"@executable_path/../Frameworks",
				);
				MARKETING_VERSION = 1.0;
				PRODUCT_BUNDLE_IDENTIFIER = io.noim.LowShortcut;
				PRODUCT_NAME = "$(TARGET_NAME)";
				SWIFT_EMIT_LOC_STRINGS = YES;
				SWIFT_VERSION = 5.0;
			};
			name = Release;
		};
/* End XCBuildConfiguration section */

/* Begin XCConfigurationList section */
		FBD508E328573C770059678A /* Build configuration list for PBXProject "LowShortcut" */ = {
			isa = XCConfigurationList;
			buildConfigurations = (
				FBD508F528573C780059678A /* Debug */,
				FBD508F628573C780059678A /* Release */,
			);
			defaultConfigurationIsVisible = 0;
			defaultConfigurationName = Release;
		};
		FBD508F728573C780059678A /* Build configuration list for PBXNativeTarget "LowShortcut" */ = {
			isa = XCConfigurationList;
			buildConfigurations = (
				FBD508F828573C780059678A /* Debug */,
				FBD508F928573C780059678A /* Release */,
			);
			defaultConfigurationIsVisible = 0;
			defaultConfigurationName = Release;
		};
/* End XCConfigurationList section */

/* Begin XCRemoteSwiftPackageReference section */
		FBD508FA28573CCD0059678A /* XCRemoteSwiftPackageReference "ShortcutRecorder" */ = {
			isa = XCRemoteSwiftPackageReference;
			repositoryURL = "https://github.com/Kentzo/ShortcutRecorder";
			requirement = {
				kind = upToNextMajorVersion;
				minimumVersion = 3.0.0;
			};
		};
		FBD50910285757980059678A /* XCRemoteSwiftPackageReference "SwiftSlash" */ = {
			isa = XCRemoteSwiftPackageReference;
			repositoryURL = "https://github.com/tannerdsilva/SwiftSlash";
			requirement = {
				kind = upToNextMajorVersion;
				minimumVersion = 3.0.0;
			};
		};
/* End XCRemoteSwiftPackageReference section */

/* Begin XCSwiftPackageProductDependency section */
		FBD508FB28573CCD0059678A /* ShortcutRecorder */ = {
			isa = XCSwiftPackageProductDependency;
			package = FBD508FA28573CCD0059678A /* XCRemoteSwiftPackageReference "ShortcutRecorder" */;
			productName = ShortcutRecorder;
		};
		FBD50911285757980059678A /* SwiftSlash */ = {
			isa = XCSwiftPackageProductDependency;
			package = FBD50910285757980059678A /* XCRemoteSwiftPackageReference "SwiftSlash" */;
			productName = SwiftSlash;
		};
/* End XCSwiftPackageProductDependency section */
	};
	rootObject = FBD508E028573C770059678A /* Project object */;
}
